Microsoft Visual Studio Solution File, Format Version 11.00
# Visual Studio 2008

Project("{36D59325-0EF7-9A53-94A4-24203D9EACFC}") = "Aftamath", "Assembly-CSharp.csproj", "{E4E22E2B-F3AB-40A7-AA22-5FF8BDE1F4F5}"
EndProject
Project("{36D59325-0EF7-9A53-94A4-24203D9EACFC}") = "Aftamath", "Assembly-CSharp-Editor.csproj", "{B0601360-4324-A6F8-2DBA-27BB26AED9F6}"
EndProject
Global
	GlobalSection(SolutionConfigurationPlatforms) = preSolution
		Debug|Any CPU = Debug|Any CPU
		Release|Any CPU = Release|Any CPU
	EndGlobalSection
	GlobalSection(ProjectConfigurationPlatforms) = postSolution
		{E4E22E2B-F3AB-40A7-AA22-5FF8BDE1F4F5}.Debug|Any CPU.ActiveCfg = Debug|Any CPU
		{E4E22E2B-F3AB-40A7-AA22-5FF8BDE1F4F5}.Debug|Any CPU.Build.0 = Debug|Any CPU
		{E4E22E2B-F3AB-40A7-AA22-5FF8BDE1F4F5}.Release|Any CPU.ActiveCfg = Release|Any CPU
		{E4E22E2B-F3AB-40A7-AA22-5FF8BDE1F4F5}.Release|Any CPU.Build.0 = Release|Any CPU
		{B0601360-4324-A6F8-2DBA-27BB26AED9F6}.Debug|Any CPU.ActiveCfg = Debug|Any CPU
		{B0601360-4324-A6F8-2DBA-27BB26AED9F6}.Debug|Any CPU.Build.0 = Debug|Any CPU
		{B0601360-4324-A6F8-2DBA-27BB26AED9F6}.Release|Any CPU.ActiveCfg = Release|Any CPU
		{B0601360-4324-A6F8-2DBA-27BB26AED9F6}.Release|Any CPU.Build.0 = Release|Any CPU
	EndGlobalSection
	GlobalSection(SolutionProperties) = preSolution
		HideSolutionNode = FALSE
	EndGlobalSection
	GlobalSection(MonoDevelopProperties) = preSolution
		StartupItem = Assembly-CSharp.csproj
	EndGlobalSection
EndGlobal
